
Microsoft Visual Studio Solution File, Format Version 12.00
# Visual Studio Version 17
VisualStudioVersion = 17.3.32825.248
MinimumVisualStudioVersion = 10.0.40219.1
Project("{FAE04EC0-301F-11D3-BF4B-00C04F79EFBC}") = "Iterationassignment", "Iterationassignment\Iterationassignment.csproj", "{B168B22C-FCA2-46BA-A07A-CF470413DF8B}"
EndProject
Global
	GlobalSection(SolutionConfigurationPlatforms) = preSolution
		Debug|Any CPU = Debug|Any CPU
		Release|Any CPU = Release|Any CPU
	EndGlobalSection
	GlobalSection(ProjectConfigurationPlatforms) = postSolution
		{B168B22C-FCA2-46BA-A07A-CF470413DF8B}.Debug|Any CPU.ActiveCfg = Debug|Any CPU
		{B168B22C-FCA2-46BA-A07A-CF470413DF8B}.Debug|Any CPU.Build.0 = Debug|Any CPU
		{B168B22C-FCA2-46BA-A07A-CF470413DF8B}.Release|Any CPU.ActiveCfg = Release|Any CPU
		{B168B22C-FCA2-46BA-A07A-CF470413DF8B}.Release|Any CPU.Build.0 = Release|Any CPU
	EndGlobalSection
	GlobalSection(SolutionProperties) = preSolution
		HideSolutionNode = FALSE
	EndGlobalSection
	GlobalSection(ExtensibilityGlobals) = postSolution
		SolutionGuid = {D93BC709-862E-4562-8DF0-A8F12D9AD95E}
	EndGlobalSection
EndGlobal
