
Microsoft Visual Studio Solution File, Format Version 12.00
# Visual Studio Version 17
VisualStudioVersion = 17.3.32825.248
MinimumVisualStudioVersion = 10.0.40219.1
Project("{FAE04EC0-301F-11D3-BF4B-00C04F79EFBC}") = "voorbeeld1", "voorbeeld1\voorbeeld1.csproj", "{537275E1-503A-465A-9F21-B9F8CCC1FB4F}"
EndProject
Global
	GlobalSection(SolutionConfigurationPlatforms) = preSolution
		Debug|Any CPU = Debug|Any CPU
		Release|Any CPU = Release|Any CPU
	EndGlobalSection
	GlobalSection(ProjectConfigurationPlatforms) = postSolution
		{537275E1-503A-465A-9F21-B9F8CCC1FB4F}.Debug|Any CPU.ActiveCfg = Debug|Any CPU
		{537275E1-503A-465A-9F21-B9F8CCC1FB4F}.Debug|Any CPU.Build.0 = Debug|Any CPU
		{537275E1-503A-465A-9F21-B9F8CCC1FB4F}.Release|Any CPU.ActiveCfg = Release|Any CPU
		{537275E1-503A-465A-9F21-B9F8CCC1FB4F}.Release|Any CPU.Build.0 = Release|Any CPU
	EndGlobalSection
	GlobalSection(SolutionProperties) = preSolution
		HideSolutionNode = FALSE
	EndGlobalSection
	GlobalSection(ExtensibilityGlobals) = postSolution
		SolutionGuid = {D4917003-A4BE-4A90-B425-F1FA7A5EDAE4}
	EndGlobalSection
EndGlobal
