
Microsoft Visual Studio Solution File, Format Version 12.00
# Visual Studio Version 17
VisualStudioVersion = 17.3.32825.248
MinimumVisualStudioVersion = 10.0.40219.1
Project("{9A19103F-16F7-4668-BE54-9A1E7A4F7556}") = "assignment1", "assignment1\assignment1.csproj", "{86B25EE0-F6EF-4336-AA3C-B038A5BC2C29}"
EndProject
Project("{9A19103F-16F7-4668-BE54-9A1E7A4F7556}") = "assignment2", "assignment2\assignment2.csproj", "{ECA4A2C4-1B4F-4F4D-9A36-940EED84E08F}"
EndProject
Project("{9A19103F-16F7-4668-BE54-9A1E7A4F7556}") = "assignment3", "assignment3\assignment3.csproj", "{B455E474-8C8B-4454-B6AF-729D014FE986}"
EndProject
Project("{FAE04EC0-301F-11D3-BF4B-00C04F79EFBC}") = "assignment4", "assignment4\assignment4.csproj", "{CE5E0871-FB02-4833-8B94-90AA07ACDDE1}"
EndProject
Project("{FAE04EC0-301F-11D3-BF4B-00C04F79EFBC}") = "assignment5", "assignment5\assignment5.csproj", "{26FC5507-3410-4B35-B305-6E373CA67D83}"
EndProject
Global
	GlobalSection(SolutionConfigurationPlatforms) = preSolution
		Debug|Any CPU = Debug|Any CPU
		Release|Any CPU = Release|Any CPU
	EndGlobalSection
	GlobalSection(ProjectConfigurationPlatforms) = postSolution
		{86B25EE0-F6EF-4336-AA3C-B038A5BC2C29}.Debug|Any CPU.ActiveCfg = Debug|Any CPU
		{86B25EE0-F6EF-4336-AA3C-B038A5BC2C29}.Debug|Any CPU.Build.0 = Debug|Any CPU
		{86B25EE0-F6EF-4336-AA3C-B038A5BC2C29}.Release|Any CPU.ActiveCfg = Release|Any CPU
		{86B25EE0-F6EF-4336-AA3C-B038A5BC2C29}.Release|Any CPU.Build.0 = Release|Any CPU
		{ECA4A2C4-1B4F-4F4D-9A36-940EED84E08F}.Debug|Any CPU.ActiveCfg = Debug|Any CPU
		{ECA4A2C4-1B4F-4F4D-9A36-940EED84E08F}.Debug|Any CPU.Build.0 = Debug|Any CPU
		{ECA4A2C4-1B4F-4F4D-9A36-940EED84E08F}.Release|Any CPU.ActiveCfg = Release|Any CPU
		{ECA4A2C4-1B4F-4F4D-9A36-940EED84E08F}.Release|Any CPU.Build.0 = Release|Any CPU
		{B455E474-8C8B-4454-B6AF-729D014FE986}.Debug|Any CPU.ActiveCfg = Debug|Any CPU
		{B455E474-8C8B-4454-B6AF-729D014FE986}.Debug|Any CPU.Build.0 = Debug|Any CPU
		{B455E474-8C8B-4454-B6AF-729D014FE986}.Release|Any CPU.ActiveCfg = Release|Any CPU
		{B455E474-8C8B-4454-B6AF-729D014FE986}.Release|Any CPU.Build.0 = Release|Any CPU
		{CE5E0871-FB02-4833-8B94-90AA07ACDDE1}.Debug|Any CPU.ActiveCfg = Debug|Any CPU
		{CE5E0871-FB02-4833-8B94-90AA07ACDDE1}.Debug|Any CPU.Build.0 = Debug|Any CPU
		{CE5E0871-FB02-4833-8B94-90AA07ACDDE1}.Release|Any CPU.ActiveCfg = Release|Any CPU
		{CE5E0871-FB02-4833-8B94-90AA07ACDDE1}.Release|Any CPU.Build.0 = Release|Any CPU
		{26FC5507-3410-4B35-B305-6E373CA67D83}.Debug|Any CPU.ActiveCfg = Debug|Any CPU
		{26FC5507-3410-4B35-B305-6E373CA67D83}.Debug|Any CPU.Build.0 = Debug|Any CPU
		{26FC5507-3410-4B35-B305-6E373CA67D83}.Release|Any CPU.ActiveCfg = Release|Any CPU
		{26FC5507-3410-4B35-B305-6E373CA67D83}.Release|Any CPU.Build.0 = Release|Any CPU
	EndGlobalSection
	GlobalSection(SolutionProperties) = preSolution
		HideSolutionNode = FALSE
	EndGlobalSection
	GlobalSection(ExtensibilityGlobals) = postSolution
		SolutionGuid = {B414834C-936F-4D53-A5BB-8AB235849B3E}
	EndGlobalSection
EndGlobal
