
Microsoft Visual Studio Solution File, Format Version 12.00
# Visual Studio Version 17
VisualStudioVersion = 17.3.32825.248
MinimumVisualStudioVersion = 10.0.40219.1
Project("{9A19103F-16F7-4668-BE54-9A1E7A4F7556}") = "assignment1", "assignment1\assignment1.csproj", "{32613F1F-30B5-410F-A5BE-20DE40860343}"
EndProject
Project("{FAE04EC0-301F-11D3-BF4B-00C04F79EFBC}") = "assignment2", "assignment2\assignment2.csproj", "{801D2648-6506-40C9-B8EA-38A4C50586E9}"
EndProject
Project("{FAE04EC0-301F-11D3-BF4B-00C04F79EFBC}") = "assignment3", "assignment3\assignment3.csproj", "{21C432D6-08B5-466E-B971-A8E64BF0BB7E}"
EndProject
Global
	GlobalSection(SolutionConfigurationPlatforms) = preSolution
		Debug|Any CPU = Debug|Any CPU
		Release|Any CPU = Release|Any CPU
	EndGlobalSection
	GlobalSection(ProjectConfigurationPlatforms) = postSolution
		{32613F1F-30B5-410F-A5BE-20DE40860343}.Debug|Any CPU.ActiveCfg = Debug|Any CPU
		{32613F1F-30B5-410F-A5BE-20DE40860343}.Debug|Any CPU.Build.0 = Debug|Any CPU
		{32613F1F-30B5-410F-A5BE-20DE40860343}.Release|Any CPU.ActiveCfg = Release|Any CPU
		{32613F1F-30B5-410F-A5BE-20DE40860343}.Release|Any CPU.Build.0 = Release|Any CPU
		{801D2648-6506-40C9-B8EA-38A4C50586E9}.Debug|Any CPU.ActiveCfg = Debug|Any CPU
		{801D2648-6506-40C9-B8EA-38A4C50586E9}.Debug|Any CPU.Build.0 = Debug|Any CPU
		{801D2648-6506-40C9-B8EA-38A4C50586E9}.Release|Any CPU.ActiveCfg = Release|Any CPU
		{801D2648-6506-40C9-B8EA-38A4C50586E9}.Release|Any CPU.Build.0 = Release|Any CPU
		{21C432D6-08B5-466E-B971-A8E64BF0BB7E}.Debug|Any CPU.ActiveCfg = Debug|Any CPU
		{21C432D6-08B5-466E-B971-A8E64BF0BB7E}.Debug|Any CPU.Build.0 = Debug|Any CPU
		{21C432D6-08B5-466E-B971-A8E64BF0BB7E}.Release|Any CPU.ActiveCfg = Release|Any CPU
		{21C432D6-08B5-466E-B971-A8E64BF0BB7E}.Release|Any CPU.Build.0 = Release|Any CPU
	EndGlobalSection
	GlobalSection(SolutionProperties) = preSolution
		HideSolutionNode = FALSE
	EndGlobalSection
	GlobalSection(ExtensibilityGlobals) = postSolution
		SolutionGuid = {CFE108F6-C83C-462E-B692-D4371E2AC59B}
	EndGlobalSection
EndGlobal
